// !$*UTF8*$!
{
	archiveVersion = 1;
	classes = {
	};
	objectVersion = 46;
	objects = {

/* Begin PBXBuildFile section */
		84345FA01C31C6D400787893 /* main.m in Sources */ = {isa = PBXBuildFile; fileRef = 84345F9F1C31C6D400787893 /* main.m */; };
		84345FA31C31C6D400787893 /* AppDelegate.m in Sources */ = {isa = PBXBuildFile; fileRef = 84345FA21C31C6D400787893 /* AppDelegate.m */; };
		84345FA61C31C6D400787893 /* ViewController.m in Sources */ = {isa = PBXBuildFile; fileRef = 84345FA51C31C6D400787893 /* ViewController.m */; };
		84345FA91C31C6D400787893 /* Main.storyboard in Resources */ = {isa = PBXBuildFile; fileRef = 84345FA71C31C6D400787893 /* Main.storyboard */; };
		84345FAB1C31C6D400787893 /* Assets.xcassets in Resources */ = {isa = PBXBuildFile; fileRef = 84345FAA1C31C6D400787893 /* Assets.xcassets */; };
		84345FAE1C31C6D400787893 /* LaunchScreen.storyboard in Resources */ = {isa = PBXBuildFile; fileRef = 84345FAC1C31C6D400787893 /* LaunchScreen.storyboard */; };
		843C9FB01C32088600B55871 /* UploadViewController.m in Sources */ = {isa = PBXBuildFile; fileRef = 843C9FAF1C32088600B55871 /* UploadViewController.m */; };
		843C9FB21C33196100B55871 /* AudioToolbox.framework in Frameworks */ = {isa = PBXBuildFile; fileRef = 843C9FB11C33196000B55871 /* AudioToolbox.framework */; };
		843C9FB41C33197600B55871 /* CFNetwork.framework in Frameworks */ = {isa = PBXBuildFile; fileRef = 843C9FB31C33197600B55871 /* CFNetwork.framework */; };
		843C9FB61C33198600B55871 /* CoreGraphics.framework in Frameworks */ = {isa = PBXBuildFile; fileRef = 843C9FB51C33198600B55871 /* CoreGraphics.framework */; };
		843C9FB81C33199400B55871 /* CoreLocation.framework in Frameworks */ = {isa = PBXBuildFile; fileRef = 843C9FB71C33199400B55871 /* CoreLocation.framework */; };
		843C9FBA1C3319A300B55871 /* QuartzCore.framework in Frameworks */ = {isa = PBXBuildFile; fileRef = 843C9FB91C3319A300B55871 /* QuartzCore.framework */; };
		843C9FBC1C3319AF00B55871 /* Security.framework in Frameworks */ = {isa = PBXBuildFile; fileRef = 843C9FBB1C3319AF00B55871 /* Security.framework */; };
		843C9FBE1C3319BD00B55871 /* StoreKit.framework in Frameworks */ = {isa = PBXBuildFile; fileRef = 843C9FBD1C3319BD00B55871 /* StoreKit.framework */; };
		843C9FC01C3319CB00B55871 /* SystemConfiguration.framework in Frameworks */ = {isa = PBXBuildFile; fileRef = 843C9FBF1C3319CB00B55871 /* SystemConfiguration.framework */; };
		843C9FC21C3319DD00B55871 /* libz.tbd in Frameworks */ = {isa = PBXBuildFile; fileRef = 843C9FC11C3319DD00B55871 /* libz.tbd */; };
		843C9FC41C3319ED00B55871 /* libsqlite3.tbd in Frameworks */ = {isa = PBXBuildFile; fileRef = 843C9FC31C3319ED00B55871 /* libsqlite3.tbd */; };
		843C9FC71C331D5500B55871 /* Bolts.framework in Frameworks */ = {isa = PBXBuildFile; fileRef = 843C9FC51C331D5500B55871 /* Bolts.framework */; };
		843C9FC81C331D5500B55871 /* Parse.framework in Frameworks */ = {isa = PBXBuildFile; fileRef = 843C9FC61C331D5500B55871 /* Parse.framework */; };
		843C9FCB1C34363400B55871 /* Model.m in Sources */ = {isa = PBXBuildFile; fileRef = 843C9FCA1C34363300B55871 /* Model.m */; };
		843C9FCE1C34381D00B55871 /* ModelParse.m in Sources */ = {isa = PBXBuildFile; fileRef = 843C9FCD1C34381D00B55871 /* ModelParse.m */; };
		84D67A551C41D8F00060406D /* GalleryCollectionViewController.m in Sources */ = {isa = PBXBuildFile; fileRef = 84D67A541C41D8F00060406D /* GalleryCollectionViewController.m */; };
		84D67A581C41D9190060406D /* GalleryItemCollectionViewCell.m in Sources */ = {isa = PBXBuildFile; fileRef = 84D67A571C41D9190060406D /* GalleryItemCollectionViewCell.m */; };
		84D67A5A1C4304BD0060406D /* loading.gif in Resources */ = {isa = PBXBuildFile; fileRef = 84D67A591C4304BD0060406D /* loading.gif */; };
/* End PBXBuildFile section */

/* Begin PBXFileReference section */
		84345F9B1C31C6D400787893 /* FinalProject.app */ = {isa = PBXFileReference; explicitFileType = wrapper.application; includeInIndex = 0; path = FinalProject.app; sourceTree = BUILT_PRODUCTS_DIR; };
		84345F9F1C31C6D400787893 /* main.m */ = {isa = PBXFileReference; lastKnownFileType = sourcecode.c.objc; path = main.m; sourceTree = "<group>"; };
		84345FA11C31C6D400787893 /* AppDelegate.h */ = {isa = PBXFileReference; lastKnownFileType = sourcecode.c.h; path = AppDelegate.h; sourceTree = "<group>"; };
		84345FA21C31C6D400787893 /* AppDelegate.m */ = {isa = PBXFileReference; lastKnownFileType = sourcecode.c.objc; path = AppDelegate.m; sourceTree = "<group>"; };
		84345FA41C31C6D400787893 /* ViewController.h */ = {isa = PBXFileReference; lastKnownFileType = sourcecode.c.h; path = ViewController.h; sourceTree = "<group>"; };
		84345FA51C31C6D400787893 /* ViewController.m */ = {isa = PBXFileReference; lastKnownFileType = sourcecode.c.objc; path = ViewController.m; sourceTree = "<group>"; };
		84345FA81C31C6D400787893 /* Base */ = {isa = PBXFileReference; lastKnownFileType = file.storyboard; name = Base; path = Base.lproj/Main.storyboard; sourceTree = "<group>"; };
		84345FAA1C31C6D400787893 /* Assets.xcassets */ = {isa = PBXFileReference; lastKnownFileType = folder.assetcatalog; path = Assets.xcassets; sourceTree = "<group>"; };
		84345FAD1C31C6D400787893 /* Base */ = {isa = PBXFileReference; lastKnownFileType = file.storyboard; name = Base; path = Base.lproj/LaunchScreen.storyboard; sourceTree = "<group>"; };
		84345FAF1C31C6D400787893 /* Info.plist */ = {isa = PBXFileReference; lastKnownFileType = text.plist.xml; path = Info.plist; sourceTree = "<group>"; };
		843C9FAE1C32088600B55871 /* UploadViewController.h */ = {isa = PBXFileReference; fileEncoding = 4; lastKnownFileType = sourcecode.c.h; path = UploadViewController.h; sourceTree = "<group>"; };
		843C9FAF1C32088600B55871 /* UploadViewController.m */ = {isa = PBXFileReference; fileEncoding = 4; lastKnownFileType = sourcecode.c.objc; path = UploadViewController.m; sourceTree = "<group>"; };
		843C9FB11C33196000B55871 /* AudioToolbox.framework */ = {isa = PBXFileReference; lastKnownFileType = wrapper.framework; name = AudioToolbox.framework; path = System/Library/Frameworks/AudioToolbox.framework; sourceTree = SDKROOT; };
		843C9FB31C33197600B55871 /* CFNetwork.framework */ = {isa = PBXFileReference; lastKnownFileType = wrapper.framework; name = CFNetwork.framework; path = System/Library/Frameworks/CFNetwork.framework; sourceTree = SDKROOT; };
		843C9FB51C33198600B55871 /* CoreGraphics.framework */ = {isa = PBXFileReference; lastKnownFileType = wrapper.framework; name = CoreGraphics.framework; path = System/Library/Frameworks/CoreGraphics.framework; sourceTree = SDKROOT; };
		843C9FB71C33199400B55871 /* CoreLocation.framework */ = {isa = PBXFileReference; lastKnownFileType = wrapper.framework; name = CoreLocation.framework; path = System/Library/Frameworks/CoreLocation.framework; sourceTree = SDKROOT; };
		843C9FB91C3319A300B55871 /* QuartzCore.framework */ = {isa = PBXFileReference; lastKnownFileType = wrapper.framework; name = QuartzCore.framework; path = System/Library/Frameworks/QuartzCore.framework; sourceTree = SDKROOT; };
		843C9FBB1C3319AF00B55871 /* Security.framework */ = {isa = PBXFileReference; lastKnownFileType = wrapper.framework; name = Security.framework; path = System/Library/Frameworks/Security.framework; sourceTree = SDKROOT; };
		843C9FBD1C3319BD00B55871 /* StoreKit.framework */ = {isa = PBXFileReference; lastKnownFileType = wrapper.framework; name = StoreKit.framework; path = System/Library/Frameworks/StoreKit.framework; sourceTree = SDKROOT; };
		843C9FBF1C3319CB00B55871 /* SystemConfiguration.framework */ = {isa = PBXFileReference; lastKnownFileType = wrapper.framework; name = SystemConfiguration.framework; path = System/Library/Frameworks/SystemConfiguration.framework; sourceTree = SDKROOT; };
		843C9FC11C3319DD00B55871 /* libz.tbd */ = {isa = PBXFileReference; lastKnownFileType = "sourcecode.text-based-dylib-definition"; name = libz.tbd; path = usr/lib/libz.tbd; sourceTree = SDKROOT; };
		843C9FC31C3319ED00B55871 /* libsqlite3.tbd */ = {isa = PBXFileReference; lastKnownFileType = "sourcecode.text-based-dylib-definition"; name = libsqlite3.tbd; path = usr/lib/libsqlite3.tbd; sourceTree = SDKROOT; };
		843C9FC51C331D5500B55871 /* Bolts.framework */ = {isa = PBXFileReference; lastKnownFileType = wrapper.framework; path = Bolts.framework; sourceTree = "<group>"; };
		843C9FC61C331D5500B55871 /* Parse.framework */ = {isa = PBXFileReference; lastKnownFileType = wrapper.framework; path = Parse.framework; sourceTree = "<group>"; };
		843C9FC91C34363300B55871 /* Model.h */ = {isa = PBXFileReference; fileEncoding = 4; lastKnownFileType = sourcecode.c.h; path = Model.h; sourceTree = "<group>"; };
		843C9FCA1C34363300B55871 /* Model.m */ = {isa = PBXFileReference; fileEncoding = 4; lastKnownFileType = sourcecode.c.objc; path = Model.m; sourceTree = "<group>"; };
		843C9FCC1C34381D00B55871 /* ModelParse.h */ = {isa = PBXFileReference; fileEncoding = 4; lastKnownFileType = sourcecode.c.h; path = ModelParse.h; sourceTree = "<group>"; };
		843C9FCD1C34381D00B55871 /* ModelParse.m */ = {isa = PBXFileReference; fileEncoding = 4; lastKnownFileType = sourcecode.c.objc; path = ModelParse.m; sourceTree = "<group>"; };
		84D67A531C41D8F00060406D /* GalleryCollectionViewController.h */ = {isa = PBXFileReference; fileEncoding = 4; lastKnownFileType = sourcecode.c.h; path = GalleryCollectionViewController.h; sourceTree = "<group>"; };
		84D67A541C41D8F00060406D /* GalleryCollectionViewController.m */ = {isa = PBXFileReference; fileEncoding = 4; lastKnownFileType = sourcecode.c.objc; path = GalleryCollectionViewController.m; sourceTree = "<group>"; };
		84D67A561C41D9190060406D /* GalleryItemCollectionViewCell.h */ = {isa = PBXFileReference; fileEncoding = 4; lastKnownFileType = sourcecode.c.h; path = GalleryItemCollectionViewCell.h; sourceTree = "<group>"; };
		84D67A571C41D9190060406D /* GalleryItemCollectionViewCell.m */ = {isa = PBXFileReference; fileEncoding = 4; lastKnownFileType = sourcecode.c.objc; path = GalleryItemCollectionViewCell.m; sourceTree = "<group>"; };
		84D67A591C4304BD0060406D /* loading.gif */ = {isa = PBXFileReference; lastKnownFileType = image.gif; path = loading.gif; sourceTree = "<group>"; };
/* End PBXFileReference section */

/* Begin PBXFrameworksBuildPhase section */
		84345F981C31C6D400787893 /* Frameworks */ = {
			isa = PBXFrameworksBuildPhase;
			buildActionMask = 2147483647;
			files = (
				843C9FC41C3319ED00B55871 /* libsqlite3.tbd in Frameworks */,
				843C9FC21C3319DD00B55871 /* libz.tbd in Frameworks */,
				843C9FC01C3319CB00B55871 /* SystemConfiguration.framework in Frameworks */,
				843C9FBE1C3319BD00B55871 /* StoreKit.framework in Frameworks */,
				843C9FBC1C3319AF00B55871 /* Security.framework in Frameworks */,
				843C9FBA1C3319A300B55871 /* QuartzCore.framework in Frameworks */,
				843C9FB81C33199400B55871 /* CoreLocation.framework in Frameworks */,
				843C9FB61C33198600B55871 /* CoreGraphics.framework in Frameworks */,
				843C9FC71C331D5500B55871 /* Bolts.framework in Frameworks */,
				843C9FB41C33197600B55871 /* CFNetwork.framework in Frameworks */,
				843C9FC81C331D5500B55871 /* Parse.framework in Frameworks */,
				843C9FB21C33196100B55871 /* AudioToolbox.framework in Frameworks */,
			);
			runOnlyForDeploymentPostprocessing = 0;
		};
/* End PBXFrameworksBuildPhase section */

/* Begin PBXGroup section */
		84345F921C31C6D400787893 = {
			isa = PBXGroup;
			children = (
				843C9FC51C331D5500B55871 /* Bolts.framework */,
				843C9FC61C331D5500B55871 /* Parse.framework */,
				843C9FC31C3319ED00B55871 /* libsqlite3.tbd */,
				843C9FC11C3319DD00B55871 /* libz.tbd */,
				843C9FBF1C3319CB00B55871 /* SystemConfiguration.framework */,
				843C9FBD1C3319BD00B55871 /* StoreKit.framework */,
				843C9FBB1C3319AF00B55871 /* Security.framework */,
				843C9FB91C3319A300B55871 /* QuartzCore.framework */,
				843C9FB71C33199400B55871 /* CoreLocation.framework */,
				843C9FB51C33198600B55871 /* CoreGraphics.framework */,
				843C9FB31C33197600B55871 /* CFNetwork.framework */,
				843C9FB11C33196000B55871 /* AudioToolbox.framework */,
				84345F9D1C31C6D400787893 /* FinalProject */,
				84345F9C1C31C6D400787893 /* Products */,
			);
			sourceTree = "<group>";
		};
		84345F9C1C31C6D400787893 /* Products */ = {
			isa = PBXGroup;
			children = (
				84345F9B1C31C6D400787893 /* FinalProject.app */,
			);
			name = Products;
			sourceTree = "<group>";
		};
		84345F9D1C31C6D400787893 /* FinalProject */ = {
			isa = PBXGroup;
			children = (
				84D67A591C4304BD0060406D /* loading.gif */,
				843C9FCF1C3438EF00B55871 /* Model */,
				84345FA11C31C6D400787893 /* AppDelegate.h */,
				84345FA21C31C6D400787893 /* AppDelegate.m */,
				84345FA41C31C6D400787893 /* ViewController.h */,
				84345FA51C31C6D400787893 /* ViewController.m */,
				84345FA71C31C6D400787893 /* Main.storyboard */,
				84345FAA1C31C6D400787893 /* Assets.xcassets */,
				84345FAC1C31C6D400787893 /* LaunchScreen.storyboard */,
				84345FAF1C31C6D400787893 /* Info.plist */,
				84345F9E1C31C6D400787893 /* Supporting Files */,
				843C9FAE1C32088600B55871 /* UploadViewController.h */,
				843C9FAF1C32088600B55871 /* UploadViewController.m */,
				84D67A531C41D8F00060406D /* GalleryCollectionViewController.h */,
				84D67A541C41D8F00060406D /* GalleryCollectionViewController.m */,
				84D67A561C41D9190060406D /* GalleryItemCollectionViewCell.h */,
				84D67A571C41D9190060406D /* GalleryItemCollectionViewCell.m */,
			);
			path = FinalProject;
			sourceTree = "<group>";
		};
		84345F9E1C31C6D400787893 /* Supporting Files */ = {
			isa = PBXGroup;
			children = (
				84345F9F1C31C6D400787893 /* main.m */,
			);
			name = "Supporting Files";
			sourceTree = "<group>";
		};
		843C9FCF1C3438EF00B55871 /* Model */ = {
			isa = PBXGroup;
			children = (
				843C9FC91C34363300B55871 /* Model.h */,
				843C9FCA1C34363300B55871 /* Model.m */,
				843C9FCC1C34381D00B55871 /* ModelParse.h */,
				843C9FCD1C34381D00B55871 /* ModelParse.m */,
			);
			name = Model;
			sourceTree = "<group>";
		};
/* End PBXGroup section */

/* Begin PBXNativeTarget section */
		84345F9A1C31C6D400787893 /* FinalProject */ = {
			isa = PBXNativeTarget;
			buildConfigurationList = 84345FB21C31C6D400787893 /* Build configuration list for PBXNativeTarget "FinalProject" */;
			buildPhases = (
				84345F971C31C6D400787893 /* Sources */,
				84345F981C31C6D400787893 /* Frameworks */,
				84345F991C31C6D400787893 /* Resources */,
			);
			buildRules = (
			);
			dependencies = (
			);
			name = FinalProject;
			productName = FinalProject;
			productReference = 84345F9B1C31C6D400787893 /* FinalProject.app */;
			productType = "com.apple.product-type.application";
		};
/* End PBXNativeTarget section */

/* Begin PBXProject section */
		84345F931C31C6D400787893 /* Project object */ = {
			isa = PBXProject;
			attributes = {
				LastUpgradeCheck = 0710;
				ORGANIZATIONNAME = Admin;
				TargetAttributes = {
					84345F9A1C31C6D400787893 = {
						CreatedOnToolsVersion = 7.1;
						DevelopmentTeam = DS6A7R7289;
					};
				};
			};
			buildConfigurationList = 84345F961C31C6D400787893 /* Build configuration list for PBXProject "FinalProject" */;
			compatibilityVersion = "Xcode 3.2";
			developmentRegion = English;
			hasScannedForEncodings = 0;
			knownRegions = (
				en,
				Base,
			);
			mainGroup = 84345F921C31C6D400787893;
			productRefGroup = 84345F9C1C31C6D400787893 /* Products */;
			projectDirPath = "";
			projectRoot = "";
			targets = (
				84345F9A1C31C6D400787893 /* FinalProject */,
			);
		};
/* End PBXProject section */

/* Begin PBXResourcesBuildPhase section */
		84345F991C31C6D400787893 /* Resources */ = {
			isa = PBXResourcesBuildPhase;
			buildActionMask = 2147483647;
			files = (
				84345FAE1C31C6D400787893 /* LaunchScreen.storyboard in Resources */,
				84D67A5A1C4304BD0060406D /* loading.gif in Resources */,
				84345FAB1C31C6D400787893 /* Assets.xcassets in Resources */,
				84345FA91C31C6D400787893 /* Main.storyboard in Resources */,
			);
			runOnlyForDeploymentPostprocessing = 0;
		};
/* End PBXResourcesBuildPhase section */

/* Begin PBXSourcesBuildPhase section */
		84345F971C31C6D400787893 /* Sources */ = {
			isa = PBXSourcesBuildPhase;
			buildActionMask = 2147483647;
			files = (
				84D67A581C41D9190060406D /* GalleryItemCollectionViewCell.m in Sources */,
				84345FA61C31C6D400787893 /* ViewController.m in Sources */,
				843C9FB01C32088600B55871 /* UploadViewController.m in Sources */,
				84345FA31C31C6D400787893 /* AppDelegate.m in Sources */,
				84D67A551C41D8F00060406D /* GalleryCollectionViewController.m in Sources */,
				84345FA01C31C6D400787893 /* main.m in Sources */,
				843C9FCB1C34363400B55871 /* Model.m in Sources */,
				843C9FCE1C34381D00B55871 /* ModelParse.m in Sources */,
			);
			runOnlyForDeploymentPostprocessing = 0;
		};
/* End PBXSourcesBuildPhase section */

/* Begin PBXVariantGroup section */
		84345FA71C31C6D400787893 /* Main.storyboard */ = {
			isa = PBXVariantGroup;
			children = (
				84345FA81C31C6D400787893 /* Base */,
			);
			name = Main.storyboard;
			sourceTree = "<group>";
		};
		84345FAC1C31C6D400787893 /* LaunchScreen.storyboard */ = {
			isa = PBXVariantGroup;
			children = (
				84345FAD1C31C6D400787893 /* Base */,
			);
			name = LaunchScreen.storyboard;
			sourceTree = "<group>";
		};
/* End PBXVariantGroup section */

/* Begin XCBuildConfiguration section */
		84345FB01C31C6D400787893 /* Debug */ = {
			isa = XCBuildConfiguration;
			buildSettings = {
				ALWAYS_SEARCH_USER_PATHS = NO;
				CLANG_CXX_LANGUAGE_STANDARD = "gnu++0x";
				CLANG_CXX_LIBRARY = "libc++";
				CLANG_ENABLE_MODULES = YES;
				CLANG_ENABLE_OBJC_ARC = YES;
				CLANG_WARN_BOOL_CONVERSION = YES;
				CLANG_WARN_CONSTANT_CONVERSION = YES;
				CLANG_WARN_DIRECT_OBJC_ISA_USAGE = YES_ERROR;
				CLANG_WARN_EMPTY_BODY = YES;
				CLANG_WARN_ENUM_CONVERSION = YES;
				CLANG_WARN_INT_CONVERSION = YES;
				CLANG_WARN_OBJC_ROOT_CLASS = YES_ERROR;
				CLANG_WARN_UNREACHABLE_CODE = YES;
				CLANG_WARN__DUPLICATE_METHOD_MATCH = YES;
				"CODE_SIGN_IDENTITY[sdk=iphoneos*]" = "iPhone Developer";
				COPY_PHASE_STRIP = NO;
				DEBUG_INFORMATION_FORMAT = dwarf;
				ENABLE_STRICT_OBJC_MSGSEND = YES;
				ENABLE_TESTABILITY = YES;
				GCC_C_LANGUAGE_STANDARD = gnu99;
				GCC_DYNAMIC_NO_PIC = NO;
				GCC_NO_COMMON_BLOCKS = YES;
				GCC_OPTIMIZATION_LEVEL = 0;
				GCC_PREPROCESSOR_DEFINITIONS = (
					"DEBUG=1",
					"$(inherited)",
				);
				GCC_WARN_64_TO_32_BIT_CONVERSION = YES;
				GCC_WARN_ABOUT_RETURN_TYPE = YES_ERROR;
				GCC_WARN_UNDECLARED_SELECTOR = YES;
				GCC_WARN_UNINITIALIZED_AUTOS = YES_AGGRESSIVE;
				GCC_WARN_UNUSED_FUNCTION = YES;
				GCC_WARN_UNUSED_VARIABLE = YES;
				IPHONEOS_DEPLOYMENT_TARGET = 9.1;
				MTL_ENABLE_DEBUG_INFO = YES;
				ONLY_ACTIVE_ARCH = YES;
				SDKROOT = iphoneos;
			};
			name = Debug;
		};
		84345FB11C31C6D400787893 /* Release */ = {
			isa = XCBuildConfiguration;
			buildSettings = {
				ALWAYS_SEARCH_USER_PATHS = NO;
				CLANG_CXX_LANGUAGE_STANDARD = "gnu++0x";
				CLANG_CXX_LIBRARY = "libc++";
				CLANG_ENABLE_MODULES = YES;
				CLANG_ENABLE_OBJC_ARC = YES;
				CLANG_WARN_BOOL_CONVERSION = YES;
				CLANG_WARN_CONSTANT_CONVERSION = YES;
				CLANG_WARN_DIRECT_OBJC_ISA_USAGE = YES_ERROR;
				CLANG_WARN_EMPTY_BODY = YES;
				CLANG_WARN_ENUM_CONVERSION = YES;
				CLANG_WARN_INT_CONVERSION = YES;
				CLANG_WARN_OBJC_ROOT_CLASS = YES_ERROR;
				CLANG_WARN_UNREACHABLE_CODE = YES;
				CLANG_WARN__DUPLICATE_METHOD_MATCH = YES;
				"CODE_SIGN_IDENTITY[sdk=iphoneos*]" = "iPhone Developer";
				COPY_PHASE_STRIP = NO;
				DEBUG_INFORMATION_FORMAT = "dwarf-with-dsym";
				ENABLE_NS_ASSERTIONS = NO;
				ENABLE_STRICT_OBJC_MSGSEND = YES;
				GCC_C_LANGUAGE_STANDARD = gnu99;
				GCC_NO_COMMON_BLOCKS = YES;
				GCC_WARN_64_TO_32_BIT_CONVERSION = YES;
				GCC_WARN_ABOUT_RETURN_TYPE = YES_ERROR;
				GCC_WARN_UNDECLARED_SELECTOR = YES;
				GCC_WARN_UNINITIALIZED_AUTOS = YES_AGGRESSIVE;
				GCC_WARN_UNUSED_FUNCTION = YES;
				GCC_WARN_UNUSED_VARIABLE = YES;
				IPHONEOS_DEPLOYMENT_TARGET = 9.1;
				MTL_ENABLE_DEBUG_INFO = NO;
				SDKROOT = iphoneos;
				VALIDATE_PRODUCT = YES;
			};
			name = Release;
		};
		84345FB31C31C6D400787893 /* Debug */ = {
			isa = XCBuildConfiguration;
			buildSettings = {
				ASSETCATALOG_COMPILER_APPICON_NAME = AppIcon;
				CODE_SIGN_IDENTITY = "iPhone Developer";
				"CODE_SIGN_IDENTITY[sdk=iphoneos*]" = "iPhone Developer";
				FRAMEWORK_SEARCH_PATHS = (
					"$(inherited)",
					"$(PROJECT_DIR)",
				);
				INFOPLIST_FILE = FinalProject/Info.plist;
				IPHONEOS_DEPLOYMENT_TARGET = 6.0;
				LD_RUNPATH_SEARCH_PATHS = "$(inherited) @executable_path/Frameworks";
				PRODUCT_BUNDLE_IDENTIFIER = mnbvmhn.FinalProject;
				PRODUCT_NAME = "$(TARGET_NAME)";
				PROVISIONING_PROFILE = "";
			};
			name = Debug;
		};
		84345FB41C31C6D400787893 /* Release */ = {
			isa = XCBuildConfiguration;
			buildSettings = {
				ASSETCATALOG_COMPILER_APPICON_NAME = AppIcon;
				CODE_SIGN_IDENTITY = "iPhone Developer";
				"CODE_SIGN_IDENTITY[sdk=iphoneos*]" = "iPhone Developer";
				FRAMEWORK_SEARCH_PATHS = (
					"$(inherited)",
					"$(PROJECT_DIR)",
				);
				INFOPLIST_FILE = FinalProject/Info.plist;
				IPHONEOS_DEPLOYMENT_TARGET = 6.0;
				LD_RUNPATH_SEARCH_PATHS = "$(inherited) @executable_path/Frameworks";
				PRODUCT_BUNDLE_IDENTIFIER = mnbvmhn.FinalProject;
				PRODUCT_NAME = "$(TARGET_NAME)";
				PROVISIONING_PROFILE = "";
			};
			name = Release;
		};
/* End XCBuildConfiguration section */

/* Begin XCConfigurationList section */
		84345F961C31C6D400787893 /* Build configuration list for PBXProject "FinalProject" */ = {
			isa = XCConfigurationList;
			buildConfigurations = (
				84345FB01C31C6D400787893 /* Debug */,
				84345FB11C31C6D400787893 /* Release */,
			);
			defaultConfigurationIsVisible = 0;
			defaultConfigurationName = Release;
		};
		84345FB21C31C6D400787893 /* Build configuration list for PBXNativeTarget "FinalProject" */ = {
			isa = XCConfigurationList;
			buildConfigurations = (
				84345FB31C31C6D400787893 /* Debug */,
				84345FB41C31C6D400787893 /* Release */,
			);
			defaultConfigurationIsVisible = 0;
			defaultConfigurationName = Release;
		};
/* End XCConfigurationList section */
	};
	rootObject = 84345F931C31C6D400787893 /* Project object */;
}
